
Microsoft Visual Studio Solution File, Format Version 12.00
# Visual Studio Version 17
VisualStudioVersion = 17.3.32811.315
MinimumVisualStudioVersion = 10.0.40219.1
Project("{FAE04EC0-301F-11D3-BF4B-00C04F79EFBC}") = "MovieApp.Server", "MovieApp\Server\MovieApp.Server.csproj", "{24484C64-3072-4DC9-A706-5787197BA62C}"
EndProject
Project("{FAE04EC0-301F-11D3-BF4B-00C04F79EFBC}") = "MovieApp.Client", "MovieApp\Client\MovieApp.Client.csproj", "{DE9521D2-CA40-4531-BF3B-4959F9394C52}"
EndProject
Project("{FAE04EC0-301F-11D3-BF4B-00C04F79EFBC}") = "MovieApp.Shared", "MovieApp\Shared\MovieApp.Shared.csproj", "{924B9432-9734-477B-AC3A-71AC0CB85674}"
EndProject
Global
	GlobalSection(SolutionConfigurationPlatforms) = preSolution
		Debug|Any CPU = Debug|Any CPU
		Release|Any CPU = Release|Any CPU
	EndGlobalSection
	GlobalSection(ProjectConfigurationPlatforms) = postSolution
		{24484C64-3072-4DC9-A706-5787197BA62C}.Debug|Any CPU.ActiveCfg = Debug|Any CPU
		{24484C64-3072-4DC9-A706-5787197BA62C}.Debug|Any CPU.Build.0 = Debug|Any CPU
		{24484C64-3072-4DC9-A706-5787197BA62C}.Release|Any CPU.ActiveCfg = Release|Any CPU
		{24484C64-3072-4DC9-A706-5787197BA62C}.Release|Any CPU.Build.0 = Release|Any CPU
		{DE9521D2-CA40-4531-BF3B-4959F9394C52}.Debug|Any CPU.ActiveCfg = Debug|Any CPU
		{DE9521D2-CA40-4531-BF3B-4959F9394C52}.Debug|Any CPU.Build.0 = Debug|Any CPU
		{DE9521D2-CA40-4531-BF3B-4959F9394C52}.Release|Any CPU.ActiveCfg = Release|Any CPU
		{DE9521D2-CA40-4531-BF3B-4959F9394C52}.Release|Any CPU.Build.0 = Release|Any CPU
		{924B9432-9734-477B-AC3A-71AC0CB85674}.Debug|Any CPU.ActiveCfg = Debug|Any CPU
		{924B9432-9734-477B-AC3A-71AC0CB85674}.Debug|Any CPU.Build.0 = Debug|Any CPU
		{924B9432-9734-477B-AC3A-71AC0CB85674}.Release|Any CPU.ActiveCfg = Release|Any CPU
		{924B9432-9734-477B-AC3A-71AC0CB85674}.Release|Any CPU.Build.0 = Release|Any CPU
	EndGlobalSection
	GlobalSection(SolutionProperties) = preSolution
		HideSolutionNode = FALSE
	EndGlobalSection
	GlobalSection(ExtensibilityGlobals) = postSolution
		SolutionGuid = {4CF2308D-6E52-45B7-95F0-BC8DE9BFC9C2}
	EndGlobalSection
EndGlobal
